
Microsoft Visual Studio Solution File, Format Version 12.00
# Visual Studio Version 17
VisualStudioVersion = 17.4.33205.214
MinimumVisualStudioVersion = 10.0.40219.1
Project("{FAE04EC0-301F-11D3-BF4B-00C04F79EFBC}") = "FitUp", "FitUp\FitUp.csproj", "{2DDBFC84-71F5-4420-90DE-0472F6D64632}"
EndProject
Project("{2150E333-8FDC-42A3-9474-1A3956D46DE8}") = "FitUp.ExercisesService", "FitUp.ExercisesService", "{3B9126E7-6150-40D5-9F04-5C59C7B1C46F}"
EndProject
Project("{FAE04EC0-301F-11D3-BF4B-00C04F79EFBC}") = "FitUp.ExercisesService", "FitUp.ExercisesService\FitUp.ExercisesService\FitUp.ExercisesService.csproj", "{1617E7F2-B218-4FAB-BE52-B4AF3BD0A235}"
EndProject
Project("{FAE04EC0-301F-11D3-BF4B-00C04F79EFBC}") = "FitUp.ExercisesService.DataModel", "FitUp.ExercisesService\FitUp.ExercisesService.DataModel\FitUp.ExercisesService.DataModel.csproj", "{5DB449F6-B3BE-4E09-A49F-CE059487D125}"
EndProject
Project("{FAE04EC0-301F-11D3-BF4B-00C04F79EFBC}") = "FitUp.ExercisesService.DAL", "FitUp.ExercisesService\FitUp.ExercisesService.DAL\FitUp.ExercisesService.DAL.csproj", "{90986761-8C7D-40A9-B9E7-0B7B5790F131}"
EndProject
Project("{FAE04EC0-301F-11D3-BF4B-00C04F79EFBC}") = "FitUp.ExercisesService.Domain", "FitUp.ExercisesService\FitUp.ExercisesService.Domain\FitUp.ExercisesService.Domain.csproj", "{E185CCFD-5CD7-4561-B87F-76C652AA830F}"
EndProject
Project("{FAE04EC0-301F-11D3-BF4B-00C04F79EFBC}") = "FitUp.ExercisesService.UnitTests", "FitUp.ExercisesService\FitUp.ExercisesService.UnitTests\FitUp.ExercisesService.UnitTests.csproj", "{C54AF219-A30C-4CF3-8384-EB8133467A31}"
EndProject
Global
	GlobalSection(SolutionConfigurationPlatforms) = preSolution
		Debug|Any CPU = Debug|Any CPU
		Release|Any CPU = Release|Any CPU
	EndGlobalSection
	GlobalSection(ProjectConfigurationPlatforms) = postSolution
		{2DDBFC84-71F5-4420-90DE-0472F6D64632}.Debug|Any CPU.ActiveCfg = Debug|Any CPU
		{2DDBFC84-71F5-4420-90DE-0472F6D64632}.Debug|Any CPU.Build.0 = Debug|Any CPU
		{2DDBFC84-71F5-4420-90DE-0472F6D64632}.Release|Any CPU.ActiveCfg = Release|Any CPU
		{2DDBFC84-71F5-4420-90DE-0472F6D64632}.Release|Any CPU.Build.0 = Release|Any CPU
		{1617E7F2-B218-4FAB-BE52-B4AF3BD0A235}.Debug|Any CPU.ActiveCfg = Debug|Any CPU
		{1617E7F2-B218-4FAB-BE52-B4AF3BD0A235}.Debug|Any CPU.Build.0 = Debug|Any CPU
		{1617E7F2-B218-4FAB-BE52-B4AF3BD0A235}.Release|Any CPU.ActiveCfg = Release|Any CPU
		{1617E7F2-B218-4FAB-BE52-B4AF3BD0A235}.Release|Any CPU.Build.0 = Release|Any CPU
		{5DB449F6-B3BE-4E09-A49F-CE059487D125}.Debug|Any CPU.ActiveCfg = Debug|Any CPU
		{5DB449F6-B3BE-4E09-A49F-CE059487D125}.Debug|Any CPU.Build.0 = Debug|Any CPU
		{5DB449F6-B3BE-4E09-A49F-CE059487D125}.Release|Any CPU.ActiveCfg = Release|Any CPU
		{5DB449F6-B3BE-4E09-A49F-CE059487D125}.Release|Any CPU.Build.0 = Release|Any CPU
		{90986761-8C7D-40A9-B9E7-0B7B5790F131}.Debug|Any CPU.ActiveCfg = Debug|Any CPU
		{90986761-8C7D-40A9-B9E7-0B7B5790F131}.Debug|Any CPU.Build.0 = Debug|Any CPU
		{90986761-8C7D-40A9-B9E7-0B7B5790F131}.Release|Any CPU.ActiveCfg = Release|Any CPU
		{90986761-8C7D-40A9-B9E7-0B7B5790F131}.Release|Any CPU.Build.0 = Release|Any CPU
		{E185CCFD-5CD7-4561-B87F-76C652AA830F}.Debug|Any CPU.ActiveCfg = Debug|Any CPU
		{E185CCFD-5CD7-4561-B87F-76C652AA830F}.Debug|Any CPU.Build.0 = Debug|Any CPU
		{E185CCFD-5CD7-4561-B87F-76C652AA830F}.Release|Any CPU.ActiveCfg = Release|Any CPU
		{E185CCFD-5CD7-4561-B87F-76C652AA830F}.Release|Any CPU.Build.0 = Release|Any CPU
		{C54AF219-A30C-4CF3-8384-EB8133467A31}.Debug|Any CPU.ActiveCfg = Debug|Any CPU
		{C54AF219-A30C-4CF3-8384-EB8133467A31}.Debug|Any CPU.Build.0 = Debug|Any CPU
		{C54AF219-A30C-4CF3-8384-EB8133467A31}.Release|Any CPU.ActiveCfg = Release|Any CPU
		{C54AF219-A30C-4CF3-8384-EB8133467A31}.Release|Any CPU.Build.0 = Release|Any CPU
	EndGlobalSection
	GlobalSection(SolutionProperties) = preSolution
		HideSolutionNode = FALSE
	EndGlobalSection
	GlobalSection(NestedProjects) = preSolution
		{1617E7F2-B218-4FAB-BE52-B4AF3BD0A235} = {3B9126E7-6150-40D5-9F04-5C59C7B1C46F}
		{5DB449F6-B3BE-4E09-A49F-CE059487D125} = {3B9126E7-6150-40D5-9F04-5C59C7B1C46F}
		{90986761-8C7D-40A9-B9E7-0B7B5790F131} = {3B9126E7-6150-40D5-9F04-5C59C7B1C46F}
		{E185CCFD-5CD7-4561-B87F-76C652AA830F} = {3B9126E7-6150-40D5-9F04-5C59C7B1C46F}
		{C54AF219-A30C-4CF3-8384-EB8133467A31} = {3B9126E7-6150-40D5-9F04-5C59C7B1C46F}
	EndGlobalSection
	GlobalSection(ExtensibilityGlobals) = postSolution
		SolutionGuid = {905F6436-9DFE-4574-A663-821E72EB9AB2}
	EndGlobalSection
EndGlobal
