
Microsoft Visual Studio Solution File, Format Version 12.00
# Visual Studio Version 17
VisualStudioVersion = 17.4.33205.214
MinimumVisualStudioVersion = 10.0.40219.1
Project("{FAE04EC0-301F-11D3-BF4B-00C04F79EFBC}") = "FitUp.ExercisesService", "FitUp.ExercisesService\FitUp.ExercisesService.csproj", "{BEF3E3F0-1E45-4CBD-AB46-65D7A38B45CD}"
EndProject
Project("{FAE04EC0-301F-11D3-BF4B-00C04F79EFBC}") = "FitUp.ExercisesService.DataModel", "FitUp.ExercisesService.DataModel\FitUp.ExercisesService.DataModel.csproj", "{AA43EAEC-FD95-44B3-BD6B-267681142C97}"
EndProject
Project("{FAE04EC0-301F-11D3-BF4B-00C04F79EFBC}") = "FitUp.ExercisesService.DAL", "FitUp.ExercisesService.DAL\FitUp.ExercisesService.DAL.csproj", "{45E88ACB-4D16-4862-9767-EB77227D6468}"
EndProject
Project("{FAE04EC0-301F-11D3-BF4B-00C04F79EFBC}") = "FitUp.ExercisesService.Domain", "FitUp.ExercisesService.Domain\FitUp.ExercisesService.Domain.csproj", "{E8F77935-707D-4192-8A54-01246AADEB24}"
EndProject
Project("{FAE04EC0-301F-11D3-BF4B-00C04F79EFBC}") = "FitUp.ExercisesService.UnitTests", "FitUp.ExercisesService.UnitTests\FitUp.ExercisesService.UnitTests.csproj", "{500D2A29-69A1-4040-8824-0D499D1BB6EF}"
EndProject
Global
	GlobalSection(SolutionConfigurationPlatforms) = preSolution
		Debug|Any CPU = Debug|Any CPU
		Release|Any CPU = Release|Any CPU
	EndGlobalSection
	GlobalSection(ProjectConfigurationPlatforms) = postSolution
		{BEF3E3F0-1E45-4CBD-AB46-65D7A38B45CD}.Debug|Any CPU.ActiveCfg = Debug|Any CPU
		{BEF3E3F0-1E45-4CBD-AB46-65D7A38B45CD}.Debug|Any CPU.Build.0 = Debug|Any CPU
		{BEF3E3F0-1E45-4CBD-AB46-65D7A38B45CD}.Release|Any CPU.ActiveCfg = Release|Any CPU
		{BEF3E3F0-1E45-4CBD-AB46-65D7A38B45CD}.Release|Any CPU.Build.0 = Release|Any CPU
		{AA43EAEC-FD95-44B3-BD6B-267681142C97}.Debug|Any CPU.ActiveCfg = Debug|Any CPU
		{AA43EAEC-FD95-44B3-BD6B-267681142C97}.Debug|Any CPU.Build.0 = Debug|Any CPU
		{AA43EAEC-FD95-44B3-BD6B-267681142C97}.Release|Any CPU.ActiveCfg = Release|Any CPU
		{AA43EAEC-FD95-44B3-BD6B-267681142C97}.Release|Any CPU.Build.0 = Release|Any CPU
		{45E88ACB-4D16-4862-9767-EB77227D6468}.Debug|Any CPU.ActiveCfg = Debug|Any CPU
		{45E88ACB-4D16-4862-9767-EB77227D6468}.Debug|Any CPU.Build.0 = Debug|Any CPU
		{45E88ACB-4D16-4862-9767-EB77227D6468}.Release|Any CPU.ActiveCfg = Release|Any CPU
		{45E88ACB-4D16-4862-9767-EB77227D6468}.Release|Any CPU.Build.0 = Release|Any CPU
		{E8F77935-707D-4192-8A54-01246AADEB24}.Debug|Any CPU.ActiveCfg = Debug|Any CPU
		{E8F77935-707D-4192-8A54-01246AADEB24}.Debug|Any CPU.Build.0 = Debug|Any CPU
		{E8F77935-707D-4192-8A54-01246AADEB24}.Release|Any CPU.ActiveCfg = Release|Any CPU
		{E8F77935-707D-4192-8A54-01246AADEB24}.Release|Any CPU.Build.0 = Release|Any CPU
		{500D2A29-69A1-4040-8824-0D499D1BB6EF}.Debug|Any CPU.ActiveCfg = Debug|Any CPU
		{500D2A29-69A1-4040-8824-0D499D1BB6EF}.Debug|Any CPU.Build.0 = Debug|Any CPU
		{500D2A29-69A1-4040-8824-0D499D1BB6EF}.Release|Any CPU.ActiveCfg = Release|Any CPU
		{500D2A29-69A1-4040-8824-0D499D1BB6EF}.Release|Any CPU.Build.0 = Release|Any CPU
	EndGlobalSection
	GlobalSection(SolutionProperties) = preSolution
		HideSolutionNode = FALSE
	EndGlobalSection
	GlobalSection(ExtensibilityGlobals) = postSolution
		SolutionGuid = {8E7F99C1-811A-4619-8467-7681EE816661}
	EndGlobalSection
EndGlobal
