
Microsoft Visual Studio Solution File, Format Version 12.00
# Visual Studio Version 17
VisualStudioVersion = 17.4.33103.184
MinimumVisualStudioVersion = 10.0.40219.1
Project("{FAE04EC0-301F-11D3-BF4B-00C04F79EFBC}") = "FitUp.ExercisesService", "FitUp.ExercisesService\FitUp.ExercisesService.csproj", "{1F5E439F-36AA-4895-8CF0-882AE9028B61}"
EndProject
Global
	GlobalSection(SolutionConfigurationPlatforms) = preSolution
		Debug|Any CPU = Debug|Any CPU
		Release|Any CPU = Release|Any CPU
	EndGlobalSection
	GlobalSection(ProjectConfigurationPlatforms) = postSolution
		{1F5E439F-36AA-4895-8CF0-882AE9028B61}.Debug|Any CPU.ActiveCfg = Debug|Any CPU
		{1F5E439F-36AA-4895-8CF0-882AE9028B61}.Debug|Any CPU.Build.0 = Debug|Any CPU
		{1F5E439F-36AA-4895-8CF0-882AE9028B61}.Release|Any CPU.ActiveCfg = Release|Any CPU
		{1F5E439F-36AA-4895-8CF0-882AE9028B61}.Release|Any CPU.Build.0 = Release|Any CPU
	EndGlobalSection
	GlobalSection(SolutionProperties) = preSolution
		HideSolutionNode = FALSE
	EndGlobalSection
	GlobalSection(ExtensibilityGlobals) = postSolution
		SolutionGuid = {39B689D9-FFD3-45EA-A826-00D1A3A74B8C}
	EndGlobalSection
EndGlobal
