
Microsoft Visual Studio Solution File, Format Version 12.00
# Visual Studio Version 17
VisualStudioVersion = 17.4.33205.214
MinimumVisualStudioVersion = 10.0.40219.1
Project("{FAE04EC0-301F-11D3-BF4B-00C04F79EFBC}") = "FitUp.ProgressionService", "FitUp.ProgressionService\FitUp.ProgressionService.csproj", "{DC012C8B-AA8D-46BD-ABC5-83EA8CDAD30A}"
EndProject
Project("{FAE04EC0-301F-11D3-BF4B-00C04F79EFBC}") = "FitUp.ProgressionService.DataModel", "FitUp.ProgressionService.DataModel\FitUp.ProgressionService.DataModel.csproj", "{5D78C9CE-5D7E-493D-BEA9-71602E65691C}"
EndProject
Project("{FAE04EC0-301F-11D3-BF4B-00C04F79EFBC}") = "FitUp.ProgressionService.DAL", "FitUp.ProgressionService.DAL\FitUp.ProgressionService.DAL.csproj", "{A38E0A3F-5634-4214-84B9-CA7819F0E7EE}"
EndProject
Project("{FAE04EC0-301F-11D3-BF4B-00C04F79EFBC}") = "FitUp.ProgressionService.Domain", "FitUp.ProgressionService.Domain\FitUp.ProgressionService.Domain.csproj", "{3B9A2318-5240-4DBC-B71E-B9739B65C1F5}"
EndProject
Project("{FAE04EC0-301F-11D3-BF4B-00C04F79EFBC}") = "FitUp.ProgressionService.UnitTests", "FitUp.ProgressionService.UnitTests\FitUp.ProgressionService.UnitTests.csproj", "{2AECD1C9-A7B0-4B22-95C8-F6A13C3B2C9C}"
EndProject
Global
	GlobalSection(SolutionConfigurationPlatforms) = preSolution
		Debug|Any CPU = Debug|Any CPU
		Release|Any CPU = Release|Any CPU
	EndGlobalSection
	GlobalSection(ProjectConfigurationPlatforms) = postSolution
		{DC012C8B-AA8D-46BD-ABC5-83EA8CDAD30A}.Debug|Any CPU.ActiveCfg = Debug|Any CPU
		{DC012C8B-AA8D-46BD-ABC5-83EA8CDAD30A}.Debug|Any CPU.Build.0 = Debug|Any CPU
		{DC012C8B-AA8D-46BD-ABC5-83EA8CDAD30A}.Release|Any CPU.ActiveCfg = Release|Any CPU
		{DC012C8B-AA8D-46BD-ABC5-83EA8CDAD30A}.Release|Any CPU.Build.0 = Release|Any CPU
		{5D78C9CE-5D7E-493D-BEA9-71602E65691C}.Debug|Any CPU.ActiveCfg = Debug|Any CPU
		{5D78C9CE-5D7E-493D-BEA9-71602E65691C}.Debug|Any CPU.Build.0 = Debug|Any CPU
		{5D78C9CE-5D7E-493D-BEA9-71602E65691C}.Release|Any CPU.ActiveCfg = Release|Any CPU
		{5D78C9CE-5D7E-493D-BEA9-71602E65691C}.Release|Any CPU.Build.0 = Release|Any CPU
		{A38E0A3F-5634-4214-84B9-CA7819F0E7EE}.Debug|Any CPU.ActiveCfg = Debug|Any CPU
		{A38E0A3F-5634-4214-84B9-CA7819F0E7EE}.Debug|Any CPU.Build.0 = Debug|Any CPU
		{A38E0A3F-5634-4214-84B9-CA7819F0E7EE}.Release|Any CPU.ActiveCfg = Release|Any CPU
		{A38E0A3F-5634-4214-84B9-CA7819F0E7EE}.Release|Any CPU.Build.0 = Release|Any CPU
		{3B9A2318-5240-4DBC-B71E-B9739B65C1F5}.Debug|Any CPU.ActiveCfg = Debug|Any CPU
		{3B9A2318-5240-4DBC-B71E-B9739B65C1F5}.Debug|Any CPU.Build.0 = Debug|Any CPU
		{3B9A2318-5240-4DBC-B71E-B9739B65C1F5}.Release|Any CPU.ActiveCfg = Release|Any CPU
		{3B9A2318-5240-4DBC-B71E-B9739B65C1F5}.Release|Any CPU.Build.0 = Release|Any CPU
		{2AECD1C9-A7B0-4B22-95C8-F6A13C3B2C9C}.Debug|Any CPU.ActiveCfg = Debug|Any CPU
		{2AECD1C9-A7B0-4B22-95C8-F6A13C3B2C9C}.Debug|Any CPU.Build.0 = Debug|Any CPU
		{2AECD1C9-A7B0-4B22-95C8-F6A13C3B2C9C}.Release|Any CPU.ActiveCfg = Release|Any CPU
		{2AECD1C9-A7B0-4B22-95C8-F6A13C3B2C9C}.Release|Any CPU.Build.0 = Release|Any CPU
	EndGlobalSection
	GlobalSection(SolutionProperties) = preSolution
		HideSolutionNode = FALSE
	EndGlobalSection
	GlobalSection(ExtensibilityGlobals) = postSolution
		SolutionGuid = {29D83E43-D40F-4275-A8D6-67610F430E68}
	EndGlobalSection
EndGlobal
