
Microsoft Visual Studio Solution File, Format Version 12.00
# Visual Studio Version 17
VisualStudioVersion = 17.4.33103.184
MinimumVisualStudioVersion = 10.0.40219.1
Project("{FAE04EC0-301F-11D3-BF4B-00C04F79EFBC}") = "FitUp.ProgressionService", "FitUp.ProgressionService\FitUp.ProgressionService.csproj", "{07A38290-C64B-4E49-BFDC-D41B01E469A1}"
EndProject
Global
	GlobalSection(SolutionConfigurationPlatforms) = preSolution
		Debug|Any CPU = Debug|Any CPU
		Release|Any CPU = Release|Any CPU
	EndGlobalSection
	GlobalSection(ProjectConfigurationPlatforms) = postSolution
		{07A38290-C64B-4E49-BFDC-D41B01E469A1}.Debug|Any CPU.ActiveCfg = Debug|Any CPU
		{07A38290-C64B-4E49-BFDC-D41B01E469A1}.Debug|Any CPU.Build.0 = Debug|Any CPU
		{07A38290-C64B-4E49-BFDC-D41B01E469A1}.Release|Any CPU.ActiveCfg = Release|Any CPU
		{07A38290-C64B-4E49-BFDC-D41B01E469A1}.Release|Any CPU.Build.0 = Release|Any CPU
	EndGlobalSection
	GlobalSection(SolutionProperties) = preSolution
		HideSolutionNode = FALSE
	EndGlobalSection
	GlobalSection(ExtensibilityGlobals) = postSolution
		SolutionGuid = {6CCD2837-50F4-4433-AA01-05ACCE0662B8}
	EndGlobalSection
EndGlobal
